
Microsoft Visual Studio Solution File, Format Version 12.00
# Visual Studio Version 17
VisualStudioVersion = 17.0.31903.59
MinimumVisualStudioVersion = 10.0.40219.1
Project("{FAE04EC0-301F-11D3-BF4B-00C04F79EFBC}") = "GeometryCalculator", "GeometryCalculator\GeometryCalculator.csproj", "{8EE6D5B6-4C2D-41DC-BD83-046399F5887B}"
EndProject
Project("{FAE04EC0-301F-11D3-BF4B-00C04F79EFBC}") = "GeometryCalculatorApp", "GeometryCalculatorApp\GeometryCalculatorApp.csproj", "{09A9D035-B879-46DE-B997-5CA3B69C8EC0}"
EndProject
Global
	GlobalSection(SolutionConfigurationPlatforms) = preSolution
		Debug|Any CPU = Debug|Any CPU
		Release|Any CPU = Release|Any CPU
	EndGlobalSection
	GlobalSection(SolutionProperties) = preSolution
		HideSolutionNode = FALSE
	EndGlobalSection
	GlobalSection(ProjectConfigurationPlatforms) = postSolution
		{8EE6D5B6-4C2D-41DC-BD83-046399F5887B}.Debug|Any CPU.ActiveCfg = Debug|Any CPU
		{8EE6D5B6-4C2D-41DC-BD83-046399F5887B}.Debug|Any CPU.Build.0 = Debug|Any CPU
		{8EE6D5B6-4C2D-41DC-BD83-046399F5887B}.Release|Any CPU.ActiveCfg = Release|Any CPU
		{8EE6D5B6-4C2D-41DC-BD83-046399F5887B}.Release|Any CPU.Build.0 = Release|Any CPU
		{09A9D035-B879-46DE-B997-5CA3B69C8EC0}.Debug|Any CPU.ActiveCfg = Debug|Any CPU
		{09A9D035-B879-46DE-B997-5CA3B69C8EC0}.Debug|Any CPU.Build.0 = Debug|Any CPU
		{09A9D035-B879-46DE-B997-5CA3B69C8EC0}.Release|Any CPU.ActiveCfg = Release|Any CPU
		{09A9D035-B879-46DE-B997-5CA3B69C8EC0}.Release|Any CPU.Build.0 = Release|Any CPU
	EndGlobalSection
EndGlobal
