
Microsoft Visual Studio Solution File, Format Version 12.00
# Visual Studio Version 17
VisualStudioVersion = 17.5.002.0
MinimumVisualStudioVersion = 10.0.40219.1
Project("{9A19103F-16F7-4668-BE54-9A1E7A4F7556}") = "solution", "solution\solution.csproj", "{C867FABC-0BBD-44B5-A8FF-01965795D910}"
EndProject
Global
	GlobalSection(SolutionConfigurationPlatforms) = preSolution
		Debug|Any CPU = Debug|Any CPU
		Release|Any CPU = Release|Any CPU
	EndGlobalSection
	GlobalSection(ProjectConfigurationPlatforms) = postSolution
		{C867FABC-0BBD-44B5-A8FF-01965795D910}.Debug|Any CPU.ActiveCfg = Debug|Any CPU
		{C867FABC-0BBD-44B5-A8FF-01965795D910}.Debug|Any CPU.Build.0 = Debug|Any CPU
		{C867FABC-0BBD-44B5-A8FF-01965795D910}.Release|Any CPU.ActiveCfg = Release|Any CPU
		{C867FABC-0BBD-44B5-A8FF-01965795D910}.Release|Any CPU.Build.0 = Release|Any CPU
	EndGlobalSection
	GlobalSection(SolutionProperties) = preSolution
		HideSolutionNode = FALSE
	EndGlobalSection
	GlobalSection(ExtensibilityGlobals) = postSolution
		SolutionGuid = {E1861130-1552-4924-A2D8-9396D9AC1DEE}
	EndGlobalSection
EndGlobal
