
Microsoft Visual Studio Solution File, Format Version 12.00
# Visual Studio Version 17
VisualStudioVersion = 17.0.31903.59
MinimumVisualStudioVersion = 10.0.40219.1
Project("{FAE04EC0-301F-11D3-BF4B-00C04F79EFBC}") = "Roulette.Logic", "Roulette.Logic\Roulette.Logic.csproj", "{C6DB9457-4649-44A9-985C-48C90DA4DAD1}"
EndProject
Project("{FAE04EC0-301F-11D3-BF4B-00C04F79EFBC}") = "Roulette.Tests", "Roulette.Tests\Roulette.Tests.csproj", "{73440090-321C-4D8E-9B1A-D7B5DC3359EC}"
EndProject
Global
	GlobalSection(SolutionConfigurationPlatforms) = preSolution
		Debug|Any CPU = Debug|Any CPU
		Release|Any CPU = Release|Any CPU
	EndGlobalSection
	GlobalSection(SolutionProperties) = preSolution
		HideSolutionNode = FALSE
	EndGlobalSection
	GlobalSection(ProjectConfigurationPlatforms) = postSolution
		{81CFC75E-A776-4668-A65D-6D9B9C7AECF8}.Debug|Any CPU.ActiveCfg = Debug|Any CPU
		{81CFC75E-A776-4668-A65D-6D9B9C7AECF8}.Debug|Any CPU.Build.0 = Debug|Any CPU
		{81CFC75E-A776-4668-A65D-6D9B9C7AECF8}.Release|Any CPU.ActiveCfg = Release|Any CPU
		{81CFC75E-A776-4668-A65D-6D9B9C7AECF8}.Release|Any CPU.Build.0 = Release|Any CPU
		{C6DB9457-4649-44A9-985C-48C90DA4DAD1}.Debug|Any CPU.ActiveCfg = Debug|Any CPU
		{C6DB9457-4649-44A9-985C-48C90DA4DAD1}.Debug|Any CPU.Build.0 = Debug|Any CPU
		{C6DB9457-4649-44A9-985C-48C90DA4DAD1}.Release|Any CPU.ActiveCfg = Release|Any CPU
		{C6DB9457-4649-44A9-985C-48C90DA4DAD1}.Release|Any CPU.Build.0 = Release|Any CPU
		{73440090-321C-4D8E-9B1A-D7B5DC3359EC}.Debug|Any CPU.ActiveCfg = Debug|Any CPU
		{73440090-321C-4D8E-9B1A-D7B5DC3359EC}.Debug|Any CPU.Build.0 = Debug|Any CPU
		{73440090-321C-4D8E-9B1A-D7B5DC3359EC}.Release|Any CPU.ActiveCfg = Release|Any CPU
		{73440090-321C-4D8E-9B1A-D7B5DC3359EC}.Release|Any CPU.Build.0 = Release|Any CPU
	EndGlobalSection
EndGlobal
