
Microsoft Visual Studio Solution File, Format Version 12.00
# Visual Studio Version 17
VisualStudioVersion = 17.0.31903.59
MinimumVisualStudioVersion = 10.0.40219.1
Project("{FAE04EC0-301F-11D3-BF4B-00C04F79EFBC}") = "Seventeen.App", "Seventeen.App\Seventeen.App.csproj", "{992770D6-DD4E-4D72-BC0A-DEB04825DE7F}"
EndProject
Project("{FAE04EC0-301F-11D3-BF4B-00C04F79EFBC}") = "Seventeen.Logic", "Seventeen.Logic\Seventeen.Logic.csproj", "{52A8F945-B960-42B1-B167-DFFE46E0634F}"
EndProject
Project("{FAE04EC0-301F-11D3-BF4B-00C04F79EFBC}") = "Seventeen.Tests", "Seventeen.Tests\Seventeen.Tests.csproj", "{BD44401D-EF09-4DE0-86F7-FBB81A0E650B}"
EndProject
Global
	GlobalSection(SolutionConfigurationPlatforms) = preSolution
		Debug|Any CPU = Debug|Any CPU
		Release|Any CPU = Release|Any CPU
	EndGlobalSection
	GlobalSection(SolutionProperties) = preSolution
		HideSolutionNode = FALSE
	EndGlobalSection
	GlobalSection(ProjectConfigurationPlatforms) = postSolution
		{992770D6-DD4E-4D72-BC0A-DEB04825DE7F}.Debug|Any CPU.ActiveCfg = Debug|Any CPU
		{992770D6-DD4E-4D72-BC0A-DEB04825DE7F}.Debug|Any CPU.Build.0 = Debug|Any CPU
		{992770D6-DD4E-4D72-BC0A-DEB04825DE7F}.Release|Any CPU.ActiveCfg = Release|Any CPU
		{992770D6-DD4E-4D72-BC0A-DEB04825DE7F}.Release|Any CPU.Build.0 = Release|Any CPU
		{52A8F945-B960-42B1-B167-DFFE46E0634F}.Debug|Any CPU.ActiveCfg = Debug|Any CPU
		{52A8F945-B960-42B1-B167-DFFE46E0634F}.Debug|Any CPU.Build.0 = Debug|Any CPU
		{52A8F945-B960-42B1-B167-DFFE46E0634F}.Release|Any CPU.ActiveCfg = Release|Any CPU
		{52A8F945-B960-42B1-B167-DFFE46E0634F}.Release|Any CPU.Build.0 = Release|Any CPU
		{BD44401D-EF09-4DE0-86F7-FBB81A0E650B}.Debug|Any CPU.ActiveCfg = Debug|Any CPU
		{BD44401D-EF09-4DE0-86F7-FBB81A0E650B}.Debug|Any CPU.Build.0 = Debug|Any CPU
		{BD44401D-EF09-4DE0-86F7-FBB81A0E650B}.Release|Any CPU.ActiveCfg = Release|Any CPU
		{BD44401D-EF09-4DE0-86F7-FBB81A0E650B}.Release|Any CPU.Build.0 = Release|Any CPU
	EndGlobalSection
EndGlobal
