
Microsoft Visual Studio Solution File, Format Version 12.00
# Visual Studio Version 17
VisualStudioVersion = 17.5.002.0
MinimumVisualStudioVersion = 10.0.40219.1
Project("{9A19103F-16F7-4668-BE54-9A1E7A4F7556}") = "2023-11-Stack-of-Clothes", "2023-11-Stack-of-Clothes.csproj", "{93E941E6-0D0F-4853-B1EA-7A12A9C37B26}"
EndProject
Global
	GlobalSection(SolutionConfigurationPlatforms) = preSolution
		Debug|Any CPU = Debug|Any CPU
		Release|Any CPU = Release|Any CPU
	EndGlobalSection
	GlobalSection(ProjectConfigurationPlatforms) = postSolution
		{93E941E6-0D0F-4853-B1EA-7A12A9C37B26}.Debug|Any CPU.ActiveCfg = Debug|Any CPU
		{93E941E6-0D0F-4853-B1EA-7A12A9C37B26}.Debug|Any CPU.Build.0 = Debug|Any CPU
		{93E941E6-0D0F-4853-B1EA-7A12A9C37B26}.Release|Any CPU.ActiveCfg = Release|Any CPU
		{93E941E6-0D0F-4853-B1EA-7A12A9C37B26}.Release|Any CPU.Build.0 = Release|Any CPU
	EndGlobalSection
	GlobalSection(SolutionProperties) = preSolution
		HideSolutionNode = FALSE
	EndGlobalSection
	GlobalSection(ExtensibilityGlobals) = postSolution
		SolutionGuid = {638F4176-8DD1-4EA8-A2F5-A764150EC224}
	EndGlobalSection
EndGlobal
