
Microsoft Visual Studio Solution File, Format Version 12.00
# Visual Studio Version 17
VisualStudioVersion = 17.5.002.0
MinimumVisualStudioVersion = 10.0.40219.1
Project("{9A19103F-16F7-4668-BE54-9A1E7A4F7556}") = "2024-02-hashset", "2024-02-hashset.csproj", "{18E14DE0-6104-4736-8824-8F719618F742}"
EndProject
Global
	GlobalSection(SolutionConfigurationPlatforms) = preSolution
		Debug|Any CPU = Debug|Any CPU
		Release|Any CPU = Release|Any CPU
	EndGlobalSection
	GlobalSection(ProjectConfigurationPlatforms) = postSolution
		{18E14DE0-6104-4736-8824-8F719618F742}.Debug|Any CPU.ActiveCfg = Debug|Any CPU
		{18E14DE0-6104-4736-8824-8F719618F742}.Debug|Any CPU.Build.0 = Debug|Any CPU
		{18E14DE0-6104-4736-8824-8F719618F742}.Release|Any CPU.ActiveCfg = Release|Any CPU
		{18E14DE0-6104-4736-8824-8F719618F742}.Release|Any CPU.Build.0 = Release|Any CPU
	EndGlobalSection
	GlobalSection(SolutionProperties) = preSolution
		HideSolutionNode = FALSE
	EndGlobalSection
	GlobalSection(ExtensibilityGlobals) = postSolution
		SolutionGuid = {59F0D836-4E86-4F9F-9C0D-2B2706F93914}
	EndGlobalSection
EndGlobal
