
Microsoft Visual Studio Solution File, Format Version 12.00
# Visual Studio Version 17
VisualStudioVersion = 17.0.31903.59
MinimumVisualStudioVersion = 10.0.40219.1
Project("{FAE04EC0-301F-11D3-BF4B-00C04F79EFBC}") = "Adder", "Adder\Adder.csproj", "{D8117269-EFC1-46A6-916C-458A6B5C808F}"
EndProject
Project("{FAE04EC0-301F-11D3-BF4B-00C04F79EFBC}") = "Adder.Tests", "Adder.Tests\Adder.Tests.csproj", "{92222844-0A75-49D7-83E1-5DB8DBD1E20A}"
EndProject
Global
	GlobalSection(SolutionConfigurationPlatforms) = preSolution
		Debug|Any CPU = Debug|Any CPU
		Release|Any CPU = Release|Any CPU
	EndGlobalSection
	GlobalSection(SolutionProperties) = preSolution
		HideSolutionNode = FALSE
	EndGlobalSection
	GlobalSection(ProjectConfigurationPlatforms) = postSolution
		{0E365629-2744-459D-B8E0-436804AFDDF5}.Debug|Any CPU.ActiveCfg = Debug|Any CPU
		{0E365629-2744-459D-B8E0-436804AFDDF5}.Debug|Any CPU.Build.0 = Debug|Any CPU
		{0E365629-2744-459D-B8E0-436804AFDDF5}.Release|Any CPU.ActiveCfg = Release|Any CPU
		{0E365629-2744-459D-B8E0-436804AFDDF5}.Release|Any CPU.Build.0 = Release|Any CPU
		{E6DB88C1-D272-4D88-967C-1BBBAA7C3801}.Debug|Any CPU.ActiveCfg = Debug|Any CPU
		{E6DB88C1-D272-4D88-967C-1BBBAA7C3801}.Debug|Any CPU.Build.0 = Debug|Any CPU
		{E6DB88C1-D272-4D88-967C-1BBBAA7C3801}.Release|Any CPU.ActiveCfg = Release|Any CPU
		{E6DB88C1-D272-4D88-967C-1BBBAA7C3801}.Release|Any CPU.Build.0 = Release|Any CPU
		{D8117269-EFC1-46A6-916C-458A6B5C808F}.Debug|Any CPU.ActiveCfg = Debug|Any CPU
		{D8117269-EFC1-46A6-916C-458A6B5C808F}.Debug|Any CPU.Build.0 = Debug|Any CPU
		{D8117269-EFC1-46A6-916C-458A6B5C808F}.Release|Any CPU.ActiveCfg = Release|Any CPU
		{D8117269-EFC1-46A6-916C-458A6B5C808F}.Release|Any CPU.Build.0 = Release|Any CPU
		{92222844-0A75-49D7-83E1-5DB8DBD1E20A}.Debug|Any CPU.ActiveCfg = Debug|Any CPU
		{92222844-0A75-49D7-83E1-5DB8DBD1E20A}.Debug|Any CPU.Build.0 = Debug|Any CPU
		{92222844-0A75-49D7-83E1-5DB8DBD1E20A}.Release|Any CPU.ActiveCfg = Release|Any CPU
		{92222844-0A75-49D7-83E1-5DB8DBD1E20A}.Release|Any CPU.Build.0 = Release|Any CPU
	EndGlobalSection
EndGlobal
