
Microsoft Visual Studio Solution File, Format Version 12.00
# Visual Studio Version 17
VisualStudioVersion = 17.10.34818.151
MinimumVisualStudioVersion = 10.0.40219.1
Project("{FAE04EC0-301F-11D3-BF4B-00C04F79EFBC}") = "Fibonacci", "Fibonacci.csproj", "{8B41218A-2448-4763-A983-1C8C9795F811}"
EndProject
Global
	GlobalSection(SolutionConfigurationPlatforms) = preSolution
		Debug|Any CPU = Debug|Any CPU
		Release|Any CPU = Release|Any CPU
	EndGlobalSection
	GlobalSection(ProjectConfigurationPlatforms) = postSolution
		{8B41218A-2448-4763-A983-1C8C9795F811}.Debug|Any CPU.ActiveCfg = Debug|Any CPU
		{8B41218A-2448-4763-A983-1C8C9795F811}.Debug|Any CPU.Build.0 = Debug|Any CPU
		{8B41218A-2448-4763-A983-1C8C9795F811}.Release|Any CPU.ActiveCfg = Release|Any CPU
		{8B41218A-2448-4763-A983-1C8C9795F811}.Release|Any CPU.Build.0 = Release|Any CPU
	EndGlobalSection
	GlobalSection(SolutionProperties) = preSolution
		HideSolutionNode = FALSE
	EndGlobalSection
	GlobalSection(ExtensibilityGlobals) = postSolution
		SolutionGuid = {2B6A41D8-4DA1-49FB-9818-153B7703C3C5}
	EndGlobalSection
EndGlobal
